<?xml version="1.0" encoding="utf-8"?>
<Project ToolsVersion="4.0" xmlns="http://schemas.microsoft.com/developer/msbuild/2003">
  <ItemGroup>
    <Filter Include="Source Files">
      <UniqueIdentifier>{4FC737F1-C7A5-4376-A066-2A32D752A2FF}</UniqueIdentifier>
      <Extensions>cpp;c;cc;cxx;c++;cppm;ixx;def;odl;idl;hpj;bat;asm;asmx</Extensions>
    </Filter>
    <Filter Include="Header Files">
      <UniqueIdentifier>{93995380-89BD-4b04-88EB-625FBE52EBFB}</UniqueIdentifier>
      <Extensions>h;hh;hpp;hxx;h++;hm;inl;inc;ipp;xsd</Extensions>
    </Filter>
    <Filter Include="Resource Files">
      <UniqueIdentifier>{67DA6AB6-F800-4c08-8B7A-83BB121AAD01}</UniqueIdentifier>
      <Extensions>rc;ico;cur;bmp;dlg;rc2;rct;bin;rgs;gif;jpg;jpeg;jpe;resx;tiff;tif;png;wav;mfcribbon-ms</Extensions>
    </Filter>
  </ItemGroup>
  <ItemGroup>
    <ClCompile Include="src\uMgr.cpp">
      <Filter>Source Files</Filter>
    </ClCompile>
    <ClCompile Include="src\mainFrame.cpp">
      <Filter>Source Files</Filter>
    </ClCompile>
    <ClCompile Include="src\About.cpp">
      <Filter>Source Files</Filter>
    </ClCompile>
    <ClCompile Include="src\SetMgr.cpp">
      <Filter>Source Files</Filter>
    </ClCompile>
    <ClCompile Include="src\AddLog.cpp">
      <Filter>Source Files</Filter>
    </ClCompile>
    <ClCompile Include="src\NumCtrl.cpp">
      <Filter>Source Files</Filter>
    </ClCompile>
    <ClCompile Include="src\AddGen.cpp">
      <Filter>Source Files</Filter>
    </ClCompile>
    <ClCompile Include="src\AddEntry.cpp">
      <Filter>Source Files</Filter>
    </ClCompile>
    <ClCompile Include="src\ufw\init.cpp">
      <Filter>Source Files</Filter>
    </ClCompile>
    <ClCompile Include="src\ufw\fileIO.cpp">
      <Filter>Source Files</Filter>
    </ClCompile>
    <ClCompile Include="src\FirstSetup.cpp">
      <Filter>Source Files</Filter>
    </ClCompile>
    <ClCompile Include="src\Passwd.cpp">
      <Filter>Source Files</Filter>
    </ClCompile>
    <ClCompile Include="src\ufw\GV.cpp">
      <Filter>Source Files</Filter>
    </ClCompile>
  </ItemGroup>
  <ItemGroup>
    <ClInclude Include="src\mainFrame.h">
      <Filter>Header Files</Filter>
    </ClInclude>
    <ClInclude Include="src\About.h">
      <Filter>Header Files</Filter>
    </ClInclude>
    <ClInclude Include="src\SetMgr.h">
      <Filter>Header Files</Filter>
    </ClInclude>
    <ClInclude Include="src\AddLog.h">
      <Filter>Header Files</Filter>
    </ClInclude>
    <ClInclude Include="src\NumCtrl.h">
      <Filter>Header Files</Filter>
    </ClInclude>
    <ClInclude Include="src\AddGen.h">
      <Filter>Header Files</Filter>
    </ClInclude>
    <ClInclude Include="src\AddEntry.h">
      <Filter>Header Files</Filter>
    </ClInclude>
    <ClInclude Include="src\ufw\init.h">
      <Filter>Header Files</Filter>
    </ClInclude>
    <ClInclude Include="src\ufw\fileIO.h">
      <Filter>Header Files</Filter>
    </ClInclude>
    <ClInclude Include="src\FirstSetup.h">
      <Filter>Header Files</Filter>
    </ClInclude>
    <ClInclude Include="src\Passwd.h">
      <Filter>Header Files</Filter>
    </ClInclude>
    <ClInclude Include="src\ufw\GV.h">
      <Filter>Header Files</Filter>
    </ClInclude>
  </ItemGroup>
</Project>