<?xml version="1.0" encoding="utf-8"?>
<Project ToolsVersion="4.0" xmlns="http://schemas.microsoft.com/developer/msbuild/2003">
  <ItemGroup>
    <ClCompile Include="src\uMgr.cpp" />
  </ItemGroup>
  <ItemGroup>
    <ClInclude Include="src\Bits.h" />
    <ClInclude Include="src\bits\Point.h" />
    <ClInclude Include="src\bits\Size.h" />
    <ClInclude Include="src\Window.h" />
    <ClInclude Include="src\BaseWin.h" />
    <ClInclude Include="src\Button.h" />
  </ItemGroup>
</Project>